
Microsoft Visual Studio Solution File, Format Version 12.00
# Visual Studio Version 17
VisualStudioVersion = 17.8.34316.72
MinimumVisualStudioVersion = 10.0.40219.1
Project("{F184B08F-C81C-45F6-A57F-5ABD9991F28F}") = "PersonViewer", ".\WebApplication1\PersonViewer.vbproj", "{93F312E0-2658-434F-AFE4-08246D6AADDE}"
EndProject
Project("{F184B08F-C81C-45F6-A57F-5ABD9991F28F}") = "PersonManagement", ".\ClassLibrary2\PersonManagement.vbproj", "{FCC8F088-EFA0-4659-8F1A-794C4D95747D}"
EndProject
Global
	GlobalSection(SolutionConfigurationPlatforms) = preSolution
		Debug|Any CPU = Debug|Any CPU
		Release|Any CPU = Release|Any CPU
	EndGlobalSection
	GlobalSection(ProjectConfigurationPlatforms) = postSolution
		{93F312E0-2658-434F-AFE4-08246D6AADDE}.Debug|Any CPU.ActiveCfg = Debug|Any CPU
		{93F312E0-2658-434F-AFE4-08246D6AADDE}.Debug|Any CPU.Build.0 = Debug|Any CPU
		{93F312E0-2658-434F-AFE4-08246D6AADDE}.Release|Any CPU.ActiveCfg = Release|Any CPU
		{93F312E0-2658-434F-AFE4-08246D6AADDE}.Release|Any CPU.Build.0 = Release|Any CPU
		{FCC8F088-EFA0-4659-8F1A-794C4D95747D}.Debug|Any CPU.ActiveCfg = Debug|Any CPU
		{FCC8F088-EFA0-4659-8F1A-794C4D95747D}.Debug|Any CPU.Build.0 = Debug|Any CPU
		{FCC8F088-EFA0-4659-8F1A-794C4D95747D}.Release|Any CPU.ActiveCfg = Release|Any CPU
		{FCC8F088-EFA0-4659-8F1A-794C4D95747D}.Release|Any CPU.Build.0 = Release|Any CPU
	EndGlobalSection
	GlobalSection(SolutionProperties) = preSolution
		HideSolutionNode = FALSE
	EndGlobalSection
	GlobalSection(ExtensibilityGlobals) = postSolution
		SolutionGuid = {F365FB75-1F08-4F37-A1BB-53542DB8233F}
	EndGlobalSection
EndGlobal
